// !$*UTF8*$!
{
	archiveVersion = 1;
	classes = {
	};
	objectVersion = 55;
	objects = {

/* Begin PBXBuildFile section */
		7AD2DAC9283D19B40099796A /* SwiftUI_test_load_of_loadCSCoursesApp.swift in Sources */ = {isa = PBXBuildFile; fileRef = 7AD2DAC8283D19B40099796A /* SwiftUI_test_load_of_loadCSCoursesApp.swift */; };
		7AD2DACB283D19B40099796A /* ContentView.swift in Sources */ = {isa = PBXBuildFile; fileRef = 7AD2DACA283D19B40099796A /* ContentView.swift */; };
		7AD2DACD283D19B70099796A /* Assets.xcassets in Resources */ = {isa = PBXBuildFile; fileRef = 7AD2DACC283D19B70099796A /* Assets.xcassets */; };
		7AD2DAD0283D19B70099796A /* Preview Assets.xcassets in Resources */ = {isa = PBXBuildFile; fileRef = 7AD2DACF283D19B70099796A /* Preview Assets.xcassets */; };
		7AD2DADA283D19B70099796A /* SwiftUI_test_load_of_loadCSCoursesTests.swift in Sources */ = {isa = PBXBuildFile; fileRef = 7AD2DAD9283D19B70099796A /* SwiftUI_test_load_of_loadCSCoursesTests.swift */; };
		7AD2DAE4283D19B70099796A /* SwiftUI_test_load_of_loadCSCoursesUITests.swift in Sources */ = {isa = PBXBuildFile; fileRef = 7AD2DAE3283D19B70099796A /* SwiftUI_test_load_of_loadCSCoursesUITests.swift */; };
		7AD2DAE6283D19B70099796A /* SwiftUI_test_load_of_loadCSCoursesUITestsLaunchTests.swift in Sources */ = {isa = PBXBuildFile; fileRef = 7AD2DAE5283D19B70099796A /* SwiftUI_test_load_of_loadCSCoursesUITestsLaunchTests.swift */; };
/* End PBXBuildFile section */

/* Begin PBXContainerItemProxy section */
		7AD2DAD6283D19B70099796A /* PBXContainerItemProxy */ = {
			isa = PBXContainerItemProxy;
			containerPortal = 7AD2DABD283D19B40099796A /* Project object */;
			proxyType = 1;
			remoteGlobalIDString = 7AD2DAC4283D19B40099796A;
			remoteInfo = "SwiftUI test load of loadCSCourses";
		};
		7AD2DAE0283D19B70099796A /* PBXContainerItemProxy */ = {
			isa = PBXContainerItemProxy;
			containerPortal = 7AD2DABD283D19B40099796A /* Project object */;
			proxyType = 1;
			remoteGlobalIDString = 7AD2DAC4283D19B40099796A;
			remoteInfo = "SwiftUI test load of loadCSCourses";
		};
/* End PBXContainerItemProxy section */

/* Begin PBXFileReference section */
		7AD2DAC5283D19B40099796A /* SwiftUI test load of loadCSCourses.app */ = {isa = PBXFileReference; explicitFileType = wrapper.application; includeInIndex = 0; path = "SwiftUI test load of loadCSCourses.app"; sourceTree = BUILT_PRODUCTS_DIR; };
		7AD2DAC8283D19B40099796A /* SwiftUI_test_load_of_loadCSCoursesApp.swift */ = {isa = PBXFileReference; lastKnownFileType = sourcecode.swift; path = SwiftUI_test_load_of_loadCSCoursesApp.swift; sourceTree = "<group>"; };
		7AD2DACA283D19B40099796A /* ContentView.swift */ = {isa = PBXFileReference; lastKnownFileType = sourcecode.swift; path = ContentView.swift; sourceTree = "<group>"; };
		7AD2DACC283D19B70099796A /* Assets.xcassets */ = {isa = PBXFileReference; lastKnownFileType = folder.assetcatalog; path = Assets.xcassets; sourceTree = "<group>"; };
		7AD2DACF283D19B70099796A /* Preview Assets.xcassets */ = {isa = PBXFileReference; lastKnownFileType = folder.assetcatalog; path = "Preview Assets.xcassets"; sourceTree = "<group>"; };
		7AD2DAD5283D19B70099796A /* SwiftUI test load of loadCSCoursesTests.xctest */ = {isa = PBXFileReference; explicitFileType = wrapper.cfbundle; includeInIndex = 0; path = "SwiftUI test load of loadCSCoursesTests.xctest"; sourceTree = BUILT_PRODUCTS_DIR; };
		7AD2DAD9283D19B70099796A /* SwiftUI_test_load_of_loadCSCoursesTests.swift */ = {isa = PBXFileReference; lastKnownFileType = sourcecode.swift; path = SwiftUI_test_load_of_loadCSCoursesTests.swift; sourceTree = "<group>"; };
		7AD2DADF283D19B70099796A /* SwiftUI test load of loadCSCoursesUITests.xctest */ = {isa = PBXFileReference; explicitFileType = wrapper.cfbundle; includeInIndex = 0; path = "SwiftUI test load of loadCSCoursesUITests.xctest"; sourceTree = BUILT_PRODUCTS_DIR; };
		7AD2DAE3283D19B70099796A /* SwiftUI_test_load_of_loadCSCoursesUITests.swift */ = {isa = PBXFileReference; lastKnownFileType = sourcecode.swift; path = SwiftUI_test_load_of_loadCSCoursesUITests.swift; sourceTree = "<group>"; };
		7AD2DAE5283D19B70099796A /* SwiftUI_test_load_of_loadCSCoursesUITestsLaunchTests.swift */ = {isa = PBXFileReference; lastKnownFileType = sourcecode.swift; path = SwiftUI_test_load_of_loadCSCoursesUITestsLaunchTests.swift; sourceTree = "<group>"; };
/* End PBXFileReference section */

/* Begin PBXFrameworksBuildPhase section */
		7AD2DAC2283D19B40099796A /* Frameworks */ = {
			isa = PBXFrameworksBuildPhase;
			buildActionMask = 2147483647;
			files = (
			);
			runOnlyForDeploymentPostprocessing = 0;
		};
		7AD2DAD2283D19B70099796A /* Frameworks */ = {
			isa = PBXFrameworksBuildPhase;
			buildActionMask = 2147483647;
			files = (
			);
			runOnlyForDeploymentPostprocessing = 0;
		};
		7AD2DADC283D19B70099796A /* Frameworks */ = {
			isa = PBXFrameworksBuildPhase;
			buildActionMask = 2147483647;
			files = (
			);
			runOnlyForDeploymentPostprocessing = 0;
		};
/* End PBXFrameworksBuildPhase section */

/* Begin PBXGroup section */
		7AD2DABC283D19B40099796A = {
			isa = PBXGroup;
			children = (
				7AD2DAC7283D19B40099796A /* SwiftUI test load of loadCSCourses */,
				7AD2DAD8283D19B70099796A /* SwiftUI test load of loadCSCoursesTests */,
				7AD2DAE2283D19B70099796A /* SwiftUI test load of loadCSCoursesUITests */,
				7AD2DAC6283D19B40099796A /* Products */,
			);
			sourceTree = "<group>";
		};
		7AD2DAC6283D19B40099796A /* Products */ = {
			isa = PBXGroup;
			children = (
				7AD2DAC5283D19B40099796A /* SwiftUI test load of loadCSCourses.app */,
				7AD2DAD5283D19B70099796A /* SwiftUI test load of loadCSCoursesTests.xctest */,
				7AD2DADF283D19B70099796A /* SwiftUI test load of loadCSCoursesUITests.xctest */,
			);
			name = Products;
			sourceTree = "<group>";
		};
		7AD2DAC7283D19B40099796A /* SwiftUI test load of loadCSCourses */ = {
			isa = PBXGroup;
			children = (
				7AD2DAC8283D19B40099796A /* SwiftUI_test_load_of_loadCSCoursesApp.swift */,
				7AD2DACA283D19B40099796A /* ContentView.swift */,
				7AD2DACC283D19B70099796A /* Assets.xcassets */,
				7AD2DACE283D19B70099796A /* Preview Content */,
			);
			path = "SwiftUI test load of loadCSCourses";
			sourceTree = "<group>";
		};
		7AD2DACE283D19B70099796A /* Preview Content */ = {
			isa = PBXGroup;
			children = (
				7AD2DACF283D19B70099796A /* Preview Assets.xcassets */,
			);
			path = "Preview Content";
			sourceTree = "<group>";
		};
		7AD2DAD8283D19B70099796A /* SwiftUI test load of loadCSCoursesTests */ = {
			isa = PBXGroup;
			children = (
				7AD2DAD9283D19B70099796A /* SwiftUI_test_load_of_loadCSCoursesTests.swift */,
			);
			path = "SwiftUI test load of loadCSCoursesTests";
			sourceTree = "<group>";
		};
		7AD2DAE2283D19B70099796A /* SwiftUI test load of loadCSCoursesUITests */ = {
			isa = PBXGroup;
			children = (
				7AD2DAE3283D19B70099796A /* SwiftUI_test_load_of_loadCSCoursesUITests.swift */,
				7AD2DAE5283D19B70099796A /* SwiftUI_test_load_of_loadCSCoursesUITestsLaunchTests.swift */,
			);
			path = "SwiftUI test load of loadCSCoursesUITests";
			sourceTree = "<group>";
		};
/* End PBXGroup section */

/* Begin PBXNativeTarget section */
		7AD2DAC4283D19B40099796A /* SwiftUI test load of loadCSCourses */ = {
			isa = PBXNativeTarget;
			buildConfigurationList = 7AD2DAE9283D19B70099796A /* Build configuration list for PBXNativeTarget "SwiftUI test load of loadCSCourses" */;
			buildPhases = (
				7AD2DAC1283D19B40099796A /* Sources */,
				7AD2DAC2283D19B40099796A /* Frameworks */,
				7AD2DAC3283D19B40099796A /* Resources */,
			);
			buildRules = (
			);
			dependencies = (
			);
			name = "SwiftUI test load of loadCSCourses";
			productName = "SwiftUI test load of loadCSCourses";
			productReference = 7AD2DAC5283D19B40099796A /* SwiftUI test load of loadCSCourses.app */;
			productType = "com.apple.product-type.application";
		};
		7AD2DAD4283D19B70099796A /* SwiftUI test load of loadCSCoursesTests */ = {
			isa = PBXNativeTarget;
			buildConfigurationList = 7AD2DAEC283D19B70099796A /* Build configuration list for PBXNativeTarget "SwiftUI test load of loadCSCoursesTests" */;
			buildPhases = (
				7AD2DAD1283D19B70099796A /* Sources */,
				7AD2DAD2283D19B70099796A /* Frameworks */,
				7AD2DAD3283D19B70099796A /* Resources */,
			);
			buildRules = (
			);
			dependencies = (
				7AD2DAD7283D19B70099796A /* PBXTargetDependency */,
			);
			name = "SwiftUI test load of loadCSCoursesTests";
			productName = "SwiftUI test load of loadCSCoursesTests";
			productReference = 7AD2DAD5283D19B70099796A /* SwiftUI test load of loadCSCoursesTests.xctest */;
			productType = "com.apple.product-type.bundle.unit-test";
		};
		7AD2DADE283D19B70099796A /* SwiftUI test load of loadCSCoursesUITests */ = {
			isa = PBXNativeTarget;
			buildConfigurationList = 7AD2DAEF283D19B70099796A /* Build configuration list for PBXNativeTarget "SwiftUI test load of loadCSCoursesUITests" */;
			buildPhases = (
				7AD2DADB283D19B70099796A /* Sources */,
				7AD2DADC283D19B70099796A /* Frameworks */,
				7AD2DADD283D19B70099796A /* Resources */,
			);
			buildRules = (
			);
			dependencies = (
				7AD2DAE1283D19B70099796A /* PBXTargetDependency */,
			);
			name = "SwiftUI test load of loadCSCoursesUITests";
			productName = "SwiftUI test load of loadCSCoursesUITests";
			productReference = 7AD2DADF283D19B70099796A /* SwiftUI test load of loadCSCoursesUITests.xctest */;
			productType = "com.apple.product-type.bundle.ui-testing";
		};
/* End PBXNativeTarget section */

/* Begin PBXProject section */
		7AD2DABD283D19B40099796A /* Project object */ = {
			isa = PBXProject;
			attributes = {
				BuildIndependentTargetsInParallel = 1;
				LastSwiftUpdateCheck = 1330;
				LastUpgradeCheck = 1330;
				TargetAttributes = {
					7AD2DAC4283D19B40099796A = {
						CreatedOnToolsVersion = 13.3.1;
					};
					7AD2DAD4283D19B70099796A = {
						CreatedOnToolsVersion = 13.3.1;
						TestTargetID = 7AD2DAC4283D19B40099796A;
					};
					7AD2DADE283D19B70099796A = {
						CreatedOnToolsVersion = 13.3.1;
						TestTargetID = 7AD2DAC4283D19B40099796A;
					};
				};
			};
			buildConfigurationList = 7AD2DAC0283D19B40099796A /* Build configuration list for PBXProject "SwiftUI test load of loadCSCourses" */;
			compatibilityVersion = "Xcode 13.0";
			developmentRegion = en;
			hasScannedForEncodings = 0;
			knownRegions = (
				en,
				Base,
			);
			mainGroup = 7AD2DABC283D19B40099796A;
			productRefGroup = 7AD2DAC6283D19B40099796A /* Products */;
			projectDirPath = "";
			projectRoot = "";
			targets = (
				7AD2DAC4283D19B40099796A /* SwiftUI test load of loadCSCourses */,
				7AD2DAD4283D19B70099796A /* SwiftUI test load of loadCSCoursesTests */,
				7AD2DADE283D19B70099796A /* SwiftUI test load of loadCSCoursesUITests */,
			);
		};
/* End PBXProject section */

/* Begin PBXResourcesBuildPhase section */
		7AD2DAC3283D19B40099796A /* Resources */ = {
			isa = PBXResourcesBuildPhase;
			buildActionMask = 2147483647;
			files = (
				7AD2DAD0283D19B70099796A /* Preview Assets.xcassets in Resources */,
				7AD2DACD283D19B70099796A /* Assets.xcassets in Resources */,
			);
			runOnlyForDeploymentPostprocessing = 0;
		};
		7AD2DAD3283D19B70099796A /* Resources */ = {
			isa = PBXResourcesBuildPhase;
			buildActionMask = 2147483647;
			files = (
			);
			runOnlyForDeploymentPostprocessing = 0;
		};
		7AD2DADD283D19B70099796A /* Resources */ = {
			isa = PBXResourcesBuildPhase;
			buildActionMask = 2147483647;
			files = (
			);
			runOnlyForDeploymentPostprocessing = 0;
		};
/* End PBXResourcesBuildPhase section */

/* Begin PBXSourcesBuildPhase section */
		7AD2DAC1283D19B40099796A /* Sources */ = {
			isa = PBXSourcesBuildPhase;
			buildActionMask = 2147483647;
			files = (
				7AD2DACB283D19B40099796A /* ContentView.swift in Sources */,
				7AD2DAC9283D19B40099796A /* SwiftUI_test_load_of_loadCSCoursesApp.swift in Sources */,
			);
			runOnlyForDeploymentPostprocessing = 0;
		};
		7AD2DAD1283D19B70099796A /* Sources */ = {
			isa = PBXSourcesBuildPhase;
			buildActionMask = 2147483647;
			files = (
				7AD2DADA283D19B70099796A /* SwiftUI_test_load_of_loadCSCoursesTests.swift in Sources */,
			);
			runOnlyForDeploymentPostprocessing = 0;
		};
		7AD2DADB283D19B70099796A /* Sources */ = {
			isa = PBXSourcesBuildPhase;
			buildActionMask = 2147483647;
			files = (
				7AD2DAE6283D19B70099796A /* SwiftUI_test_load_of_loadCSCoursesUITestsLaunchTests.swift in Sources */,
				7AD2DAE4283D19B70099796A /* SwiftUI_test_load_of_loadCSCoursesUITests.swift in Sources */,
			);
			runOnlyForDeploymentPostprocessing = 0;
		};
/* End PBXSourcesBuildPhase section */

/* Begin PBXTargetDependency section */
		7AD2DAD7283D19B70099796A /* PBXTargetDependency */ = {
			isa = PBXTargetDependency;
			target = 7AD2DAC4283D19B40099796A /* SwiftUI test load of loadCSCourses */;
			targetProxy = 7AD2DAD6283D19B70099796A /* PBXContainerItemProxy */;
		};
		7AD2DAE1283D19B70099796A /* PBXTargetDependency */ = {
			isa = PBXTargetDependency;
			target = 7AD2DAC4283D19B40099796A /* SwiftUI test load of loadCSCourses */;
			targetProxy = 7AD2DAE0283D19B70099796A /* PBXContainerItemProxy */;
		};
/* End PBXTargetDependency section */

/* Begin XCBuildConfiguration section */
		7AD2DAE7283D19B70099796A /* Debug */ = {
			isa = XCBuildConfiguration;
			buildSettings = {
				ALWAYS_SEARCH_USER_PATHS = NO;
				CLANG_ANALYZER_NONNULL = YES;
				CLANG_ANALYZER_NUMBER_OBJECT_CONVERSION = YES_AGGRESSIVE;
				CLANG_CXX_LANGUAGE_STANDARD = "gnu++17";
				CLANG_ENABLE_MODULES = YES;
				CLANG_ENABLE_OBJC_ARC = YES;
				CLANG_ENABLE_OBJC_WEAK = YES;
				CLANG_WARN_BLOCK_CAPTURE_AUTORELEASING = YES;
				CLANG_WARN_BOOL_CONVERSION = YES;
				CLANG_WARN_COMMA = YES;
				CLANG_WARN_CONSTANT_CONVERSION = YES;
				CLANG_WARN_DEPRECATED_OBJC_IMPLEMENTATIONS = YES;
				CLANG_WARN_DIRECT_OBJC_ISA_USAGE = YES_ERROR;
				CLANG_WARN_DOCUMENTATION_COMMENTS = YES;
				CLANG_WARN_EMPTY_BODY = YES;
				CLANG_WARN_ENUM_CONVERSION = YES;
				CLANG_WARN_INFINITE_RECURSION = YES;
				CLANG_WARN_INT_CONVERSION = YES;
				CLANG_WARN_NON_LITERAL_NULL_CONVERSION = YES;
				CLANG_WARN_OBJC_IMPLICIT_RETAIN_SELF = YES;
				CLANG_WARN_OBJC_LITERAL_CONVERSION = YES;
				CLANG_WARN_OBJC_ROOT_CLASS = YES_ERROR;
				CLANG_WARN_QUOTED_INCLUDE_IN_FRAMEWORK_HEADER = YES;
				CLANG_WARN_RANGE_LOOP_ANALYSIS = YES;
				CLANG_WARN_STRICT_PROTOTYPES = YES;
				CLANG_WARN_SUSPICIOUS_MOVE = YES;
				CLANG_WARN_UNGUARDED_AVAILABILITY = YES_AGGRESSIVE;
				CLANG_WARN_UNREACHABLE_CODE = YES;
				CLANG_WARN__DUPLICATE_METHOD_MATCH = YES;
				COPY_PHASE_STRIP = NO;
				DEBUG_INFORMATION_FORMAT = dwarf;
				ENABLE_STRICT_OBJC_MSGSEND = YES;
				ENABLE_TESTABILITY = YES;
				GCC_C_LANGUAGE_STANDARD = gnu11;
				GCC_DYNAMIC_NO_PIC = NO;
				GCC_NO_COMMON_BLOCKS = YES;
				GCC_OPTIMIZATION_LEVEL = 0;
				GCC_PREPROCESSOR_DEFINITIONS = (
					"DEBUG=1",
					"$(inherited)",
				);
				GCC_WARN_64_TO_32_BIT_CONVERSION = YES;
				GCC_WARN_ABOUT_RETURN_TYPE = YES_ERROR;
				GCC_WARN_UNDECLARED_SELECTOR = YES;
				GCC_WARN_UNINITIALIZED_AUTOS = YES_AGGRESSIVE;
				GCC_WARN_UNUSED_FUNCTION = YES;
				GCC_WARN_UNUSED_VARIABLE = YES;
				IPHONEOS_DEPLOYMENT_TARGET = 15.4;
				MTL_ENABLE_DEBUG_INFO = INCLUDE_SOURCE;
				MTL_FAST_MATH = YES;
				ONLY_ACTIVE_ARCH = YES;
				SDKROOT = iphoneos;
				SWIFT_ACTIVE_COMPILATION_CONDITIONS = DEBUG;
				SWIFT_OPTIMIZATION_LEVEL = "-Onone";
			};
			name = Debug;
		};
		7AD2DAE8283D19B70099796A /* Release */ = {
			isa = XCBuildConfiguration;
			buildSettings = {
				ALWAYS_SEARCH_USER_PATHS = NO;
				CLANG_ANALYZER_NONNULL = YES;
				CLANG_ANALYZER_NUMBER_OBJECT_CONVERSION = YES_AGGRESSIVE;
				CLANG_CXX_LANGUAGE_STANDARD = "gnu++17";
				CLANG_ENABLE_MODULES = YES;
				CLANG_ENABLE_OBJC_ARC = YES;
				CLANG_ENABLE_OBJC_WEAK = YES;
				CLANG_WARN_BLOCK_CAPTURE_AUTORELEASING = YES;
				CLANG_WARN_BOOL_CONVERSION = YES;
				CLANG_WARN_COMMA = YES;
				CLANG_WARN_CONSTANT_CONVERSION = YES;
				CLANG_WARN_DEPRECATED_OBJC_IMPLEMENTATIONS = YES;
				CLANG_WARN_DIRECT_OBJC_ISA_USAGE = YES_ERROR;
				CLANG_WARN_DOCUMENTATION_COMMENTS = YES;
				CLANG_WARN_EMPTY_BODY = YES;
				CLANG_WARN_ENUM_CONVERSION = YES;
				CLANG_WARN_INFINITE_RECURSION = YES;
				CLANG_WARN_INT_CONVERSION = YES;
				CLANG_WARN_NON_LITERAL_NULL_CONVERSION = YES;
				CLANG_WARN_OBJC_IMPLICIT_RETAIN_SELF = YES;
				CLANG_WARN_OBJC_LITERAL_CONVERSION = YES;
				CLANG_WARN_OBJC_ROOT_CLASS = YES_ERROR;
				CLANG_WARN_QUOTED_INCLUDE_IN_FRAMEWORK_HEADER = YES;
				CLANG_WARN_RANGE_LOOP_ANALYSIS = YES;
				CLANG_WARN_STRICT_PROTOTYPES = YES;
				CLANG_WARN_SUSPICIOUS_MOVE = YES;
				CLANG_WARN_UNGUARDED_AVAILABILITY = YES_AGGRESSIVE;
				CLANG_WARN_UNREACHABLE_CODE = YES;
				CLANG_WARN__DUPLICATE_METHOD_MATCH = YES;
				COPY_PHASE_STRIP = NO;
				DEBUG_INFORMATION_FORMAT = "dwarf-with-dsym";
				ENABLE_NS_ASSERTIONS = NO;
				ENABLE_STRICT_OBJC_MSGSEND = YES;
				GCC_C_LANGUAGE_STANDARD = gnu11;
				GCC_NO_COMMON_BLOCKS = YES;
				GCC_WARN_64_TO_32_BIT_CONVERSION = YES;
				GCC_WARN_ABOUT_RETURN_TYPE = YES_ERROR;
				GCC_WARN_UNDECLARED_SELECTOR = YES;
				GCC_WARN_UNINITIALIZED_AUTOS = YES_AGGRESSIVE;
				GCC_WARN_UNUSED_FUNCTION = YES;
				GCC_WARN_UNUSED_VARIABLE = YES;
				IPHONEOS_DEPLOYMENT_TARGET = 15.4;
				MTL_ENABLE_DEBUG_INFO = NO;
				MTL_FAST_MATH = YES;
				SDKROOT = iphoneos;
				SWIFT_COMPILATION_MODE = wholemodule;
				SWIFT_OPTIMIZATION_LEVEL = "-O";
				VALIDATE_PRODUCT = YES;
			};
			name = Release;
		};
		7AD2DAEA283D19B70099796A /* Debug */ = {
			isa = XCBuildConfiguration;
			buildSettings = {
				ASSETCATALOG_COMPILER_APPICON_NAME = AppIcon;
				ASSETCATALOG_COMPILER_GLOBAL_ACCENT_COLOR_NAME = AccentColor;
				CODE_SIGN_STYLE = Automatic;
				CURRENT_PROJECT_VERSION = 1;
				DEVELOPMENT_ASSET_PATHS = "\"SwiftUI test load of loadCSCourses/Preview Content\"";
				DEVELOPMENT_TEAM = UURUBA7BVM;
				ENABLE_PREVIEWS = YES;
				GENERATE_INFOPLIST_FILE = YES;
				INFOPLIST_KEY_UIApplicationSceneManifest_Generation = YES;
				INFOPLIST_KEY_UIApplicationSupportsIndirectInputEvents = YES;
				INFOPLIST_KEY_UILaunchScreen_Generation = YES;
				INFOPLIST_KEY_UISupportedInterfaceOrientations_iPad = "UIInterfaceOrientationPortrait UIInterfaceOrientationPortraitUpsideDown UIInterfaceOrientationLandscapeLeft UIInterfaceOrientationLandscapeRight";
				INFOPLIST_KEY_UISupportedInterfaceOrientations_iPhone = "UIInterfaceOrientationPortrait UIInterfaceOrientationLandscapeLeft UIInterfaceOrientationLandscapeRight";
				LD_RUNPATH_SEARCH_PATHS = (
					"$(inherited)",
					"@executable_path/Frameworks",
				);
				MARKETING_VERSION = 1.0;
				PRODUCT_BUNDLE_IDENTIFIER = "com.tedcowan.SwiftUI-test-load-of-loadCSCourses";
				PRODUCT_NAME = "$(TARGET_NAME)";
				SWIFT_EMIT_LOC_STRINGS = YES;
				SWIFT_VERSION = 5.0;
				TARGETED_DEVICE_FAMILY = "1,2";
			};
			name = Debug;
		};
		7AD2DAEB283D19B70099796A /* Release */ = {
			isa = XCBuildConfiguration;
			buildSettings = {
				ASSETCATALOG_COMPILER_APPICON_NAME = AppIcon;
				ASSETCATALOG_COMPILER_GLOBAL_ACCENT_COLOR_NAME = AccentColor;
				CODE_SIGN_STYLE = Automatic;
				CURRENT_PROJECT_VERSION = 1;
				DEVELOPMENT_ASSET_PATHS = "\"SwiftUI test load of loadCSCourses/Preview Content\"";
				DEVELOPMENT_TEAM = UURUBA7BVM;
				ENABLE_PREVIEWS = YES;
				GENERATE_INFOPLIST_FILE = YES;
				INFOPLIST_KEY_UIApplicationSceneManifest_Generation = YES;
				INFOPLIST_KEY_UIApplicationSupportsIndirectInputEvents = YES;
				INFOPLIST_KEY_UILaunchScreen_Generation = YES;
				INFOPLIST_KEY_UISupportedInterfaceOrientations_iPad = "UIInterfaceOrientationPortrait UIInterfaceOrientationPortraitUpsideDown UIInterfaceOrientationLandscapeLeft UIInterfaceOrientationLandscapeRight";
				INFOPLIST_KEY_UISupportedInterfaceOrientations_iPhone = "UIInterfaceOrientationPortrait UIInterfaceOrientationLandscapeLeft UIInterfaceOrientationLandscapeRight";
				LD_RUNPATH_SEARCH_PATHS = (
					"$(inherited)",
					"@executable_path/Frameworks",
				);
				MARKETING_VERSION = 1.0;
				PRODUCT_BUNDLE_IDENTIFIER = "com.tedcowan.SwiftUI-test-load-of-loadCSCourses";
				PRODUCT_NAME = "$(TARGET_NAME)";
				SWIFT_EMIT_LOC_STRINGS = YES;
				SWIFT_VERSION = 5.0;
				TARGETED_DEVICE_FAMILY = "1,2";
			};
			name = Release;
		};
		7AD2DAED283D19B70099796A /* Debug */ = {
			isa = XCBuildConfiguration;
			buildSettings = {
				ALWAYS_EMBED_SWIFT_STANDARD_LIBRARIES = YES;
				BUNDLE_LOADER = "$(TEST_HOST)";
				CODE_SIGN_STYLE = Automatic;
				CURRENT_PROJECT_VERSION = 1;
				DEVELOPMENT_TEAM = UURUBA7BVM;
				GENERATE_INFOPLIST_FILE = YES;
				IPHONEOS_DEPLOYMENT_TARGET = 15.4;
				MARKETING_VERSION = 1.0;
				PRODUCT_BUNDLE_IDENTIFIER = "com.tedcowan.SwiftUI-test-load-of-loadCSCoursesTests";
				PRODUCT_NAME = "$(TARGET_NAME)";
				SWIFT_EMIT_LOC_STRINGS = NO;
				SWIFT_VERSION = 5.0;
				TARGETED_DEVICE_FAMILY = "1,2";
				TEST_HOST = "$(BUILT_PRODUCTS_DIR)/SwiftUI test load of loadCSCourses.app/SwiftUI test load of loadCSCourses";
			};
			name = Debug;
		};
		7AD2DAEE283D19B70099796A /* Release */ = {
			isa = XCBuildConfiguration;
			buildSettings = {
				ALWAYS_EMBED_SWIFT_STANDARD_LIBRARIES = YES;
				BUNDLE_LOADER = "$(TEST_HOST)";
				CODE_SIGN_STYLE = Automatic;
				CURRENT_PROJECT_VERSION = 1;
				DEVELOPMENT_TEAM = UURUBA7BVM;
				GENERATE_INFOPLIST_FILE = YES;
				IPHONEOS_DEPLOYMENT_TARGET = 15.4;
				MARKETING_VERSION = 1.0;
				PRODUCT_BUNDLE_IDENTIFIER = "com.tedcowan.SwiftUI-test-load-of-loadCSCoursesTests";
				PRODUCT_NAME = "$(TARGET_NAME)";
				SWIFT_EMIT_LOC_STRINGS = NO;
				SWIFT_VERSION = 5.0;
				TARGETED_DEVICE_FAMILY = "1,2";
				TEST_HOST = "$(BUILT_PRODUCTS_DIR)/SwiftUI test load of loadCSCourses.app/SwiftUI test load of loadCSCourses";
			};
			name = Release;
		};
		7AD2DAF0283D19B70099796A /* Debug */ = {
			isa = XCBuildConfiguration;
			buildSettings = {
				ALWAYS_EMBED_SWIFT_STANDARD_LIBRARIES = YES;
				CODE_SIGN_STYLE = Automatic;
				CURRENT_PROJECT_VERSION = 1;
				DEVELOPMENT_TEAM = UURUBA7BVM;
				GENERATE_INFOPLIST_FILE = YES;
				MARKETING_VERSION = 1.0;
				PRODUCT_BUNDLE_IDENTIFIER = "com.tedcowan.SwiftUI-test-load-of-loadCSCoursesUITests";
				PRODUCT_NAME = "$(TARGET_NAME)";
				SWIFT_EMIT_LOC_STRINGS = NO;
				SWIFT_VERSION = 5.0;
				TARGETED_DEVICE_FAMILY = "1,2";
				TEST_TARGET_NAME = "SwiftUI test load of loadCSCourses";
			};
			name = Debug;
		};
		7AD2DAF1283D19B70099796A /* Release */ = {
			isa = XCBuildConfiguration;
			buildSettings = {
				ALWAYS_EMBED_SWIFT_STANDARD_LIBRARIES = YES;
				CODE_SIGN_STYLE = Automatic;
				CURRENT_PROJECT_VERSION = 1;
				DEVELOPMENT_TEAM = UURUBA7BVM;
				GENERATE_INFOPLIST_FILE = YES;
				MARKETING_VERSION = 1.0;
				PRODUCT_BUNDLE_IDENTIFIER = "com.tedcowan.SwiftUI-test-load-of-loadCSCoursesUITests";
				PRODUCT_NAME = "$(TARGET_NAME)";
				SWIFT_EMIT_LOC_STRINGS = NO;
				SWIFT_VERSION = 5.0;
				TARGETED_DEVICE_FAMILY = "1,2";
				TEST_TARGET_NAME = "SwiftUI test load of loadCSCourses";
			};
			name = Release;
		};
/* End XCBuildConfiguration section */

/* Begin XCConfigurationList section */
		7AD2DAC0283D19B40099796A /* Build configuration list for PBXProject "SwiftUI test load of loadCSCourses" */ = {
			isa = XCConfigurationList;
			buildConfigurations = (
				7AD2DAE7283D19B70099796A /* Debug */,
				7AD2DAE8283D19B70099796A /* Release */,
			);
			defaultConfigurationIsVisible = 0;
			defaultConfigurationName = Release;
		};
		7AD2DAE9283D19B70099796A /* Build configuration list for PBXNativeTarget "SwiftUI test load of loadCSCourses" */ = {
			isa = XCConfigurationList;
			buildConfigurations = (
				7AD2DAEA283D19B70099796A /* Debug */,
				7AD2DAEB283D19B70099796A /* Release */,
			);
			defaultConfigurationIsVisible = 0;
			defaultConfigurationName = Release;
		};
		7AD2DAEC283D19B70099796A /* Build configuration list for PBXNativeTarget "SwiftUI test load of loadCSCoursesTests" */ = {
			isa = XCConfigurationList;
			buildConfigurations = (
				7AD2DAED283D19B70099796A /* Debug */,
				7AD2DAEE283D19B70099796A /* Release */,
			);
			defaultConfigurationIsVisible = 0;
			defaultConfigurationName = Release;
		};
		7AD2DAEF283D19B70099796A /* Build configuration list for PBXNativeTarget "SwiftUI test load of loadCSCoursesUITests" */ = {
			isa = XCConfigurationList;
			buildConfigurations = (
				7AD2DAF0283D19B70099796A /* Debug */,
				7AD2DAF1283D19B70099796A /* Release */,
			);
			defaultConfigurationIsVisible = 0;
			defaultConfigurationName = Release;
		};
/* End XCConfigurationList section */
	};
	rootObject = 7AD2DABD283D19B40099796A /* Project object */;
}
